
Microsoft Visual Studio Solution File, Format Version 12.00
# Visual Studio 15
VisualStudioVersion = 15.0.28010.2046
MinimumVisualStudioVersion = 10.0.40219.1
Project("{FAE04EC0-301F-11D3-BF4B-00C04F79EFBC}") = "SimpraoSistemas", "SimpraoSistemas\SimpraoSistemas.csproj", "{DBDD5232-11D7-44F4-B867-31AA2D78D437}"
EndProject
Global
	GlobalSection(SolutionConfigurationPlatforms) = preSolution
		Debug|Any CPU = Debug|Any CPU
		Release|Any CPU = Release|Any CPU
	EndGlobalSection
	GlobalSection(ProjectConfigurationPlatforms) = postSolution
		{DBDD5232-11D7-44F4-B867-31AA2D78D437}.Debug|Any CPU.ActiveCfg = Debug|Any CPU
		{DBDD5232-11D7-44F4-B867-31AA2D78D437}.Debug|Any CPU.Build.0 = Debug|Any CPU
		{DBDD5232-11D7-44F4-B867-31AA2D78D437}.Release|Any CPU.ActiveCfg = Release|Any CPU
		{DBDD5232-11D7-44F4-B867-31AA2D78D437}.Release|Any CPU.Build.0 = Release|Any CPU
	EndGlobalSection
	GlobalSection(SolutionProperties) = preSolution
		HideSolutionNode = FALSE
	EndGlobalSection
	GlobalSection(ExtensibilityGlobals) = postSolution
		SolutionGuid = {D466053E-E1D9-4518-A013-11E08EFFAC4F}
	EndGlobalSection
EndGlobal
